// !$*UTF8*$!
{
	archiveVersion = 1;
	classes = {
	};
	objectVersion = 46;
	objects = {

/* Begin PBXBuildFile section */
		C9AB5C3E1F2723A700349E0C /* main.m in Sources */ = {isa = PBXBuildFile; fileRef = C9AB5C3D1F2723A700349E0C /* main.m */; };
		C9AB5C411F2723A700349E0C /* AppDelegate.m in Sources */ = {isa = PBXBuildFile; fileRef = C9AB5C401F2723A700349E0C /* AppDelegate.m */; };
		C9AB5C441F2723A700349E0C /* ViewController.m in Sources */ = {isa = PBXBuildFile; fileRef = C9AB5C431F2723A700349E0C /* ViewController.m */; };
		C9AB5C471F2723A700349E0C /* Main.storyboard in Resources */ = {isa = PBXBuildFile; fileRef = C9AB5C451F2723A700349E0C /* Main.storyboard */; };
		C9AB5C491F2723A700349E0C /* Assets.xcassets in Resources */ = {isa = PBXBuildFile; fileRef = C9AB5C481F2723A700349E0C /* Assets.xcassets */; };
		C9AB5C4C1F2723A700349E0C /* LaunchScreen.storyboard in Resources */ = {isa = PBXBuildFile; fileRef = C9AB5C4A1F2723A700349E0C /* LaunchScreen.storyboard */; };
		C9AB5C591F27248C00349E0C /* apps_full.plist in Resources */ = {isa = PBXBuildFile; fileRef = C9AB5C581F27248C00349E0C /* apps_full.plist */; };
		C9AB5C5C1F27252600349E0C /* ZXApp.m in Sources */ = {isa = PBXBuildFile; fileRef = C9AB5C5B1F27252600349E0C /* ZXApp.m */; };
		C9AB5C5F1F2727B200349E0C /* AppListTableViewController.m in Sources */ = {isa = PBXBuildFile; fileRef = C9AB5C5E1F2727B200349E0C /* AppListTableViewController.m */; };
		C9AB5C621F27352F00349E0C /* AppCell.m in Sources */ = {isa = PBXBuildFile; fileRef = C9AB5C611F27352F00349E0C /* AppCell.m */; };
/* End PBXBuildFile section */

/* Begin PBXFileReference section */
		C9AB5C391F2723A700349E0C /* ZXAppAdministration.app */ = {isa = PBXFileReference; explicitFileType = wrapper.application; includeInIndex = 0; path = ZXAppAdministration.app; sourceTree = BUILT_PRODUCTS_DIR; };
		C9AB5C3D1F2723A700349E0C /* main.m */ = {isa = PBXFileReference; lastKnownFileType = sourcecode.c.objc; path = main.m; sourceTree = "<group>"; };
		C9AB5C3F1F2723A700349E0C /* AppDelegate.h */ = {isa = PBXFileReference; lastKnownFileType = sourcecode.c.h; path = AppDelegate.h; sourceTree = "<group>"; };
		C9AB5C401F2723A700349E0C /* AppDelegate.m */ = {isa = PBXFileReference; lastKnownFileType = sourcecode.c.objc; path = AppDelegate.m; sourceTree = "<group>"; };
		C9AB5C421F2723A700349E0C /* ViewController.h */ = {isa = PBXFileReference; lastKnownFileType = sourcecode.c.h; path = ViewController.h; sourceTree = "<group>"; };
		C9AB5C431F2723A700349E0C /* ViewController.m */ = {isa = PBXFileReference; lastKnownFileType = sourcecode.c.objc; path = ViewController.m; sourceTree = "<group>"; };
		C9AB5C461F2723A700349E0C /* Base */ = {isa = PBXFileReference; lastKnownFileType = file.storyboard; name = Base; path = Base.lproj/Main.storyboard; sourceTree = "<group>"; };
		C9AB5C481F2723A700349E0C /* Assets.xcassets */ = {isa = PBXFileReference; lastKnownFileType = folder.assetcatalog; path = Assets.xcassets; sourceTree = "<group>"; };
		C9AB5C4B1F2723A700349E0C /* Base */ = {isa = PBXFileReference; lastKnownFileType = file.storyboard; name = Base; path = Base.lproj/LaunchScreen.storyboard; sourceTree = "<group>"; };
		C9AB5C4D1F2723A700349E0C /* Info.plist */ = {isa = PBXFileReference; lastKnownFileType = text.plist.xml; path = Info.plist; sourceTree = "<group>"; };
		C9AB5C581F27248C00349E0C /* apps_full.plist */ = {isa = PBXFileReference; fileEncoding = 4; lastKnownFileType = text.plist.xml; path = apps_full.plist; sourceTree = "<group>"; };
		C9AB5C5A1F27252600349E0C /* ZXApp.h */ = {isa = PBXFileReference; fileEncoding = 4; lastKnownFileType = sourcecode.c.h; path = ZXApp.h; sourceTree = "<group>"; };
		C9AB5C5B1F27252600349E0C /* ZXApp.m */ = {isa = PBXFileReference; fileEncoding = 4; lastKnownFileType = sourcecode.c.objc; path = ZXApp.m; sourceTree = "<group>"; };
		C9AB5C5D1F2727B200349E0C /* AppListTableViewController.h */ = {isa = PBXFileReference; fileEncoding = 4; lastKnownFileType = sourcecode.c.h; path = AppListTableViewController.h; sourceTree = "<group>"; };
		C9AB5C5E1F2727B200349E0C /* AppListTableViewController.m */ = {isa = PBXFileReference; fileEncoding = 4; lastKnownFileType = sourcecode.c.objc; path = AppListTableViewController.m; sourceTree = "<group>"; };
		C9AB5C601F27352F00349E0C /* AppCell.h */ = {isa = PBXFileReference; fileEncoding = 4; lastKnownFileType = sourcecode.c.h; path = AppCell.h; sourceTree = "<group>"; };
		C9AB5C611F27352F00349E0C /* AppCell.m */ = {isa = PBXFileReference; fileEncoding = 4; lastKnownFileType = sourcecode.c.objc; path = AppCell.m; sourceTree = "<group>"; };
/* End PBXFileReference section */

/* Begin PBXFrameworksBuildPhase section */
		C9AB5C361F2723A700349E0C /* Frameworks */ = {
			isa = PBXFrameworksBuildPhase;
			buildActionMask = 2147483647;
			files = (
			);
			runOnlyForDeploymentPostprocessing = 0;
		};
/* End PBXFrameworksBuildPhase section */

/* Begin PBXGroup section */
		C9AB5C301F2723A700349E0C = {
			isa = PBXGroup;
			children = (
				C9AB5C3B1F2723A700349E0C /* ZXAppAdministration */,
				C9AB5C3A1F2723A700349E0C /* Products */,
			);
			sourceTree = "<group>";
		};
		C9AB5C3A1F2723A700349E0C /* Products */ = {
			isa = PBXGroup;
			children = (
				C9AB5C391F2723A700349E0C /* ZXAppAdministration.app */,
			);
			name = Products;
			sourceTree = "<group>";
		};
		C9AB5C3B1F2723A700349E0C /* ZXAppAdministration */ = {
			isa = PBXGroup;
			children = (
				C9AB5C571F2723CF00349E0C /* Views */,
				C9AB5C551F2723C400349E0C /* Others */,
				C9AB5C541F2723BD00349E0C /* Models */,
				C9AB5C561F2723C900349E0C /* Controllers */,
				C9AB5C3C1F2723A700349E0C /* Supporting Files */,
			);
			path = ZXAppAdministration;
			sourceTree = "<group>";
		};
		C9AB5C3C1F2723A700349E0C /* Supporting Files */ = {
			isa = PBXGroup;
			children = (
				C9AB5C3D1F2723A700349E0C /* main.m */,
				C9AB5C581F27248C00349E0C /* apps_full.plist */,
				C9AB5C481F2723A700349E0C /* Assets.xcassets */,
				C9AB5C4D1F2723A700349E0C /* Info.plist */,
			);
			name = "Supporting Files";
			sourceTree = "<group>";
		};
		C9AB5C541F2723BD00349E0C /* Models */ = {
			isa = PBXGroup;
			children = (
				C9AB5C5A1F27252600349E0C /* ZXApp.h */,
				C9AB5C5B1F27252600349E0C /* ZXApp.m */,
			);
			name = Models;
			sourceTree = "<group>";
		};
		C9AB5C551F2723C400349E0C /* Others */ = {
			isa = PBXGroup;
			children = (
				C9AB5C3F1F2723A700349E0C /* AppDelegate.h */,
				C9AB5C401F2723A700349E0C /* AppDelegate.m */,
			);
			name = Others;
			sourceTree = "<group>";
		};
		C9AB5C561F2723C900349E0C /* Controllers */ = {
			isa = PBXGroup;
			children = (
				C9AB5C421F2723A700349E0C /* ViewController.h */,
				C9AB5C431F2723A700349E0C /* ViewController.m */,
			);
			name = Controllers;
			sourceTree = "<group>";
		};
		C9AB5C571F2723CF00349E0C /* Views */ = {
			isa = PBXGroup;
			children = (
				C9AB5C4A1F2723A700349E0C /* LaunchScreen.storyboard */,
				C9AB5C451F2723A700349E0C /* Main.storyboard */,
				C9AB5C5D1F2727B200349E0C /* AppListTableViewController.h */,
				C9AB5C5E1F2727B200349E0C /* AppListTableViewController.m */,
				C9AB5C601F27352F00349E0C /* AppCell.h */,
				C9AB5C611F27352F00349E0C /* AppCell.m */,
			);
			name = Views;
			sourceTree = "<group>";
		};
/* End PBXGroup section */

/* Begin PBXNativeTarget section */
		C9AB5C381F2723A700349E0C /* ZXAppAdministration */ = {
			isa = PBXNativeTarget;
			buildConfigurationList = C9AB5C501F2723A700349E0C /* Build configuration list for PBXNativeTarget "ZXAppAdministration" */;
			buildPhases = (
				C9AB5C351F2723A700349E0C /* Sources */,
				C9AB5C361F2723A700349E0C /* Frameworks */,
				C9AB5C371F2723A700349E0C /* Resources */,
			);
			buildRules = (
			);
			dependencies = (
			);
			name = ZXAppAdministration;
			productName = ZXAppAdministration;
			productReference = C9AB5C391F2723A700349E0C /* ZXAppAdministration.app */;
			productType = "com.apple.product-type.application";
		};
/* End PBXNativeTarget section */

/* Begin PBXProject section */
		C9AB5C311F2723A700349E0C /* Project object */ = {
			isa = PBXProject;
			attributes = {
				LastUpgradeCheck = 0830;
				ORGANIZATIONNAME = zhixiongchen;
				TargetAttributes = {
					C9AB5C381F2723A700349E0C = {
						CreatedOnToolsVersion = 8.3.3;
						ProvisioningStyle = Automatic;
					};
				};
			};
			buildConfigurationList = C9AB5C341F2723A700349E0C /* Build configuration list for PBXProject "ZXAppAdministration" */;
			compatibilityVersion = "Xcode 3.2";
			developmentRegion = English;
			hasScannedForEncodings = 0;
			knownRegions = (
				en,
				Base,
			);
			mainGroup = C9AB5C301F2723A700349E0C;
			productRefGroup = C9AB5C3A1F2723A700349E0C /* Products */;
			projectDirPath = "";
			projectRoot = "";
			targets = (
				C9AB5C381F2723A700349E0C /* ZXAppAdministration */,
			);
		};
/* End PBXProject section */

/* Begin PBXResourcesBuildPhase section */
		C9AB5C371F2723A700349E0C /* Resources */ = {
			isa = PBXResourcesBuildPhase;
			buildActionMask = 2147483647;
			files = (
				C9AB5C4C1F2723A700349E0C /* LaunchScreen.storyboard in Resources */,
				C9AB5C491F2723A700349E0C /* Assets.xcassets in Resources */,
				C9AB5C471F2723A700349E0C /* Main.storyboard in Resources */,
				C9AB5C591F27248C00349E0C /* apps_full.plist in Resources */,
			);
			runOnlyForDeploymentPostprocessing = 0;
		};
/* End PBXResourcesBuildPhase section */

/* Begin PBXSourcesBuildPhase section */
		C9AB5C351F2723A700349E0C /* Sources */ = {
			isa = PBXSourcesBuildPhase;
			buildActionMask = 2147483647;
			files = (
				C9AB5C441F2723A700349E0C /* ViewController.m in Sources */,
				C9AB5C5C1F27252600349E0C /* ZXApp.m in Sources */,
				C9AB5C411F2723A700349E0C /* AppDelegate.m in Sources */,
				C9AB5C621F27352F00349E0C /* AppCell.m in Sources */,
				C9AB5C3E1F2723A700349E0C /* main.m in Sources */,
				C9AB5C5F1F2727B200349E0C /* AppListTableViewController.m in Sources */,
			);
			runOnlyForDeploymentPostprocessing = 0;
		};
/* End PBXSourcesBuildPhase section */

/* Begin PBXVariantGroup section */
		C9AB5C451F2723A700349E0C /* Main.storyboard */ = {
			isa = PBXVariantGroup;
			children = (
				C9AB5C461F2723A700349E0C /* Base */,
			);
			name = Main.storyboard;
			sourceTree = "<group>";
		};
		C9AB5C4A1F2723A700349E0C /* LaunchScreen.storyboard */ = {
			isa = PBXVariantGroup;
			children = (
				C9AB5C4B1F2723A700349E0C /* Base */,
			);
			name = LaunchScreen.storyboard;
			sourceTree = "<group>";
		};
/* End PBXVariantGroup section */

/* Begin XCBuildConfiguration section */
		C9AB5C4E1F2723A700349E0C /* Debug */ = {
			isa = XCBuildConfiguration;
			buildSettings = {
				ALWAYS_SEARCH_USER_PATHS = NO;
				CLANG_ANALYZER_NONNULL = YES;
				CLANG_ANALYZER_NUMBER_OBJECT_CONVERSION = YES_AGGRESSIVE;
				CLANG_CXX_LANGUAGE_STANDARD = "gnu++0x";
				CLANG_CXX_LIBRARY = "libc++";
				CLANG_ENABLE_MODULES = YES;
				CLANG_ENABLE_OBJC_ARC = YES;
				CLANG_WARN_BOOL_CONVERSION = YES;
				CLANG_WARN_CONSTANT_CONVERSION = YES;
				CLANG_WARN_DIRECT_OBJC_ISA_USAGE = YES_ERROR;
				CLANG_WARN_DOCUMENTATION_COMMENTS = YES;
				CLANG_WARN_EMPTY_BODY = YES;
				CLANG_WARN_ENUM_CONVERSION = YES;
				CLANG_WARN_INFINITE_RECURSION = YES;
				CLANG_WARN_INT_CONVERSION = YES;
				CLANG_WARN_OBJC_ROOT_CLASS = YES_ERROR;
				CLANG_WARN_SUSPICIOUS_MOVE = YES;
				CLANG_WARN_UNREACHABLE_CODE = YES;
				CLANG_WARN__DUPLICATE_METHOD_MATCH = YES;
				"CODE_SIGN_IDENTITY[sdk=iphoneos*]" = "iPhone Developer";
				COPY_PHASE_STRIP = NO;
				DEBUG_INFORMATION_FORMAT = dwarf;
				ENABLE_STRICT_OBJC_MSGSEND = YES;
				ENABLE_TESTABILITY = YES;
				GCC_C_LANGUAGE_STANDARD = gnu99;
				GCC_DYNAMIC_NO_PIC = NO;
				GCC_NO_COMMON_BLOCKS = YES;
				GCC_OPTIMIZATION_LEVEL = 0;
				GCC_PREPROCESSOR_DEFINITIONS = (
					"DEBUG=1",
					"$(inherited)",
				);
				GCC_WARN_64_TO_32_BIT_CONVERSION = YES;
				GCC_WARN_ABOUT_RETURN_TYPE = YES_ERROR;
				GCC_WARN_UNDECLARED_SELECTOR = YES;
				GCC_WARN_UNINITIALIZED_AUTOS = YES_AGGRESSIVE;
				GCC_WARN_UNUSED_FUNCTION = YES;
				GCC_WARN_UNUSED_VARIABLE = YES;
				IPHONEOS_DEPLOYMENT_TARGET = 10.3;
				MTL_ENABLE_DEBUG_INFO = YES;
				ONLY_ACTIVE_ARCH = YES;
				SDKROOT = iphoneos;
				TARGETED_DEVICE_FAMILY = "1,2";
			};
			name = Debug;
		};
		C9AB5C4F1F2723A700349E0C /* Release */ = {
			isa = XCBuildConfiguration;
			buildSettings = {
				ALWAYS_SEARCH_USER_PATHS = NO;
				CLANG_ANALYZER_NONNULL = YES;
				CLANG_ANALYZER_NUMBER_OBJECT_CONVERSION = YES_AGGRESSIVE;
				CLANG_CXX_LANGUAGE_STANDARD = "gnu++0x";
				CLANG_CXX_LIBRARY = "libc++";
				CLANG_ENABLE_MODULES = YES;
				CLANG_ENABLE_OBJC_ARC = YES;
				CLANG_WARN_BOOL_CONVERSION = YES;
				CLANG_WARN_CONSTANT_CONVERSION = YES;
				CLANG_WARN_DIRECT_OBJC_ISA_USAGE = YES_ERROR;
				CLANG_WARN_DOCUMENTATION_COMMENTS = YES;
				CLANG_WARN_EMPTY_BODY = YES;
				CLANG_WARN_ENUM_CONVERSION = YES;
				CLANG_WARN_INFINITE_RECURSION = YES;
				CLANG_WARN_INT_CONVERSION = YES;
				CLANG_WARN_OBJC_ROOT_CLASS = YES_ERROR;
				CLANG_WARN_SUSPICIOUS_MOVE = YES;
				CLANG_WARN_UNREACHABLE_CODE = YES;
				CLANG_WARN__DUPLICATE_METHOD_MATCH = YES;
				"CODE_SIGN_IDENTITY[sdk=iphoneos*]" = "iPhone Developer";
				COPY_PHASE_STRIP = NO;
				DEBUG_INFORMATION_FORMAT = "dwarf-with-dsym";
				ENABLE_NS_ASSERTIONS = NO;
				ENABLE_STRICT_OBJC_MSGSEND = YES;
				GCC_C_LANGUAGE_STANDARD = gnu99;
				GCC_NO_COMMON_BLOCKS = YES;
				GCC_WARN_64_TO_32_BIT_CONVERSION = YES;
				GCC_WARN_ABOUT_RETURN_TYPE = YES_ERROR;
				GCC_WARN_UNDECLARED_SELECTOR = YES;
				GCC_WARN_UNINITIALIZED_AUTOS = YES_AGGRESSIVE;
				GCC_WARN_UNUSED_FUNCTION = YES;
				GCC_WARN_UNUSED_VARIABLE = YES;
				IPHONEOS_DEPLOYMENT_TARGET = 10.3;
				MTL_ENABLE_DEBUG_INFO = NO;
				SDKROOT = iphoneos;
				TARGETED_DEVICE_FAMILY = "1,2";
				VALIDATE_PRODUCT = YES;
			};
			name = Release;
		};
		C9AB5C511F2723A700349E0C /* Debug */ = {
			isa = XCBuildConfiguration;
			buildSettings = {
				ASSETCATALOG_COMPILER_APPICON_NAME = AppIcon;
				INFOPLIST_FILE = ZXAppAdministration/Info.plist;
				LD_RUNPATH_SEARCH_PATHS = "$(inherited) @executable_path/Frameworks";
				PRODUCT_BUNDLE_IDENTIFIER = com.Chen.ZXAppAdministration;
				PRODUCT_NAME = "$(TARGET_NAME)";
			};
			name = Debug;
		};
		C9AB5C521F2723A700349E0C /* Release */ = {
			isa = XCBuildConfiguration;
			buildSettings = {
				ASSETCATALOG_COMPILER_APPICON_NAME = AppIcon;
				INFOPLIST_FILE = ZXAppAdministration/Info.plist;
				LD_RUNPATH_SEARCH_PATHS = "$(inherited) @executable_path/Frameworks";
				PRODUCT_BUNDLE_IDENTIFIER = com.Chen.ZXAppAdministration;
				PRODUCT_NAME = "$(TARGET_NAME)";
			};
			name = Release;
		};
/* End XCBuildConfiguration section */

/* Begin XCConfigurationList section */
		C9AB5C341F2723A700349E0C /* Build configuration list for PBXProject "ZXAppAdministration" */ = {
			isa = XCConfigurationList;
			buildConfigurations = (
				C9AB5C4E1F2723A700349E0C /* Debug */,
				C9AB5C4F1F2723A700349E0C /* Release */,
			);
			defaultConfigurationIsVisible = 0;
			defaultConfigurationName = Release;
		};
		C9AB5C501F2723A700349E0C /* Build configuration list for PBXNativeTarget "ZXAppAdministration" */ = {
			isa = XCConfigurationList;
			buildConfigurations = (
				C9AB5C511F2723A700349E0C /* Debug */,
				C9AB5C521F2723A700349E0C /* Release */,
			);
			defaultConfigurationIsVisible = 0;
		};
/* End XCConfigurationList section */
	};
	rootObject = C9AB5C311F2723A700349E0C /* Project object */;
}
